// !$*UTF8*$!
{
	archiveVersion = 1;
	classes = {
	};
	objectVersion = 50;
	objects = {

/* Begin PBXBuildFile section */
		DA3EF60A23EF8D9A0094CFD5 /* GHTitleLabel.swift in Sources */ = {isa = PBXBuildFile; fileRef = DA3EF60923EF8D9A0094CFD5 /* GHTitleLabel.swift */; };
		DA3EF60C23EFABA60094CFD5 /* GHBodyLabel.swift in Sources */ = {isa = PBXBuildFile; fileRef = DA3EF60B23EFABA60094CFD5 /* GHBodyLabel.swift */; };
		DA3EF60E23EFADC80094CFD5 /* GHAlertVC.swift in Sources */ = {isa = PBXBuildFile; fileRef = DA3EF60D23EFADC80094CFD5 /* GHAlertVC.swift */; };
		DA3EF61023EFB1EC0094CFD5 /* GHContainerView.swift in Sources */ = {isa = PBXBuildFile; fileRef = DA3EF60F23EFB1EC0094CFD5 /* GHContainerView.swift */; };
		DA3EF61223F053AC0094CFD5 /* UIViewController+Ext.swift in Sources */ = {isa = PBXBuildFile; fileRef = DA3EF61123F053AC0094CFD5 /* UIViewController+Ext.swift */; };
		DA3EF61823F0B4B20094CFD5 /* Default-568h@2x.png in Resources */ = {isa = PBXBuildFile; fileRef = DA3EF61723F0B4B20094CFD5 /* Default-568h@2x.png */; };
		DA3EF61B23F0C0E60094CFD5 /* Follower.swift in Sources */ = {isa = PBXBuildFile; fileRef = DA3EF61A23F0C0E60094CFD5 /* Follower.swift */; };
		DA3EF61D23F0C2240094CFD5 /* User.swift in Sources */ = {isa = PBXBuildFile; fileRef = DA3EF61C23F0C2240094CFD5 /* User.swift */; };
		DA62DF0223E741B8003280B3 /* GHTextField.swift in Sources */ = {isa = PBXBuildFile; fileRef = DA62DF0123E741B8003280B3 /* GHTextField.swift */; };
		DACE204823EA5CFE0010A618 /* FollowerListVC.swift in Sources */ = {isa = PBXBuildFile; fileRef = DACE204723EA5CFE0010A618 /* FollowerListVC.swift */; };
		DADCAF2923E6045E002F7EC7 /* AppDelegate.swift in Sources */ = {isa = PBXBuildFile; fileRef = DADCAF2823E6045E002F7EC7 /* AppDelegate.swift */; };
		DADCAF2B23E6045E002F7EC7 /* SceneDelegate.swift in Sources */ = {isa = PBXBuildFile; fileRef = DADCAF2A23E6045E002F7EC7 /* SceneDelegate.swift */; };
		DADCAF3223E60466002F7EC7 /* Assets.xcassets in Resources */ = {isa = PBXBuildFile; fileRef = DADCAF3123E60466002F7EC7 /* Assets.xcassets */; };
		DADCAF3523E60466002F7EC7 /* LaunchScreen.storyboard in Resources */ = {isa = PBXBuildFile; fileRef = DADCAF3323E60466002F7EC7 /* LaunchScreen.storyboard */; };
		DADCAF3D23E612E7002F7EC7 /* SearchVC.swift in Sources */ = {isa = PBXBuildFile; fileRef = DADCAF3C23E612E7002F7EC7 /* SearchVC.swift */; };
		DADCAF3F23E61332002F7EC7 /* FavoritesListVC.swift in Sources */ = {isa = PBXBuildFile; fileRef = DADCAF3E23E61332002F7EC7 /* FavoritesListVC.swift */; };
		DADCAF4323E653DF002F7EC7 /* GHButton.swift in Sources */ = {isa = PBXBuildFile; fileRef = DADCAF4223E653DF002F7EC7 /* GHButton.swift */; };
/* End PBXBuildFile section */

/* Begin PBXFileReference section */
		DA3EF60923EF8D9A0094CFD5 /* GHTitleLabel.swift */ = {isa = PBXFileReference; lastKnownFileType = sourcecode.swift; path = GHTitleLabel.swift; sourceTree = "<group>"; };
		DA3EF60B23EFABA60094CFD5 /* GHBodyLabel.swift */ = {isa = PBXFileReference; lastKnownFileType = sourcecode.swift; path = GHBodyLabel.swift; sourceTree = "<group>"; };
		DA3EF60D23EFADC80094CFD5 /* GHAlertVC.swift */ = {isa = PBXFileReference; lastKnownFileType = sourcecode.swift; path = GHAlertVC.swift; sourceTree = "<group>"; };
		DA3EF60F23EFB1EC0094CFD5 /* GHContainerView.swift */ = {isa = PBXFileReference; lastKnownFileType = sourcecode.swift; path = GHContainerView.swift; sourceTree = "<group>"; };
		DA3EF61123F053AC0094CFD5 /* UIViewController+Ext.swift */ = {isa = PBXFileReference; lastKnownFileType = sourcecode.swift; path = "UIViewController+Ext.swift"; sourceTree = "<group>"; };
		DA3EF61723F0B4B20094CFD5 /* Default-568h@2x.png */ = {isa = PBXFileReference; lastKnownFileType = image.png; path = "Default-568h@2x.png"; sourceTree = "<group>"; };
		DA3EF61A23F0C0E60094CFD5 /* Follower.swift */ = {isa = PBXFileReference; lastKnownFileType = sourcecode.swift; path = Follower.swift; sourceTree = "<group>"; };
		DA3EF61C23F0C2240094CFD5 /* User.swift */ = {isa = PBXFileReference; lastKnownFileType = sourcecode.swift; path = User.swift; sourceTree = "<group>"; };
		DA62DF0123E741B8003280B3 /* GHTextField.swift */ = {isa = PBXFileReference; lastKnownFileType = sourcecode.swift; path = GHTextField.swift; sourceTree = "<group>"; };
		DACE204723EA5CFE0010A618 /* FollowerListVC.swift */ = {isa = PBXFileReference; lastKnownFileType = sourcecode.swift; path = FollowerListVC.swift; sourceTree = "<group>"; };
		DADCAF2523E6045E002F7EC7 /* GitHub.app */ = {isa = PBXFileReference; explicitFileType = wrapper.application; includeInIndex = 0; path = GitHub.app; sourceTree = BUILT_PRODUCTS_DIR; };
		DADCAF2823E6045E002F7EC7 /* AppDelegate.swift */ = {isa = PBXFileReference; lastKnownFileType = sourcecode.swift; path = AppDelegate.swift; sourceTree = "<group>"; };
		DADCAF2A23E6045E002F7EC7 /* SceneDelegate.swift */ = {isa = PBXFileReference; lastKnownFileType = sourcecode.swift; path = SceneDelegate.swift; sourceTree = "<group>"; };
		DADCAF3123E60466002F7EC7 /* Assets.xcassets */ = {isa = PBXFileReference; lastKnownFileType = folder.assetcatalog; path = Assets.xcassets; sourceTree = "<group>"; };
		DADCAF3423E60466002F7EC7 /* Base */ = {isa = PBXFileReference; lastKnownFileType = file.storyboard; name = Base; path = Base.lproj/LaunchScreen.storyboard; sourceTree = "<group>"; };
		DADCAF3623E60466002F7EC7 /* Info.plist */ = {isa = PBXFileReference; lastKnownFileType = text.plist.xml; path = Info.plist; sourceTree = "<group>"; };
		DADCAF3C23E612E7002F7EC7 /* SearchVC.swift */ = {isa = PBXFileReference; lastKnownFileType = sourcecode.swift; path = SearchVC.swift; sourceTree = "<group>"; };
		DADCAF3E23E61332002F7EC7 /* FavoritesListVC.swift */ = {isa = PBXFileReference; lastKnownFileType = sourcecode.swift; path = FavoritesListVC.swift; sourceTree = "<group>"; };
		DADCAF4223E653DF002F7EC7 /* GHButton.swift */ = {isa = PBXFileReference; lastKnownFileType = sourcecode.swift; path = GHButton.swift; sourceTree = "<group>"; };
/* End PBXFileReference section */

/* Begin PBXFrameworksBuildPhase section */
		DADCAF2223E6045E002F7EC7 /* Frameworks */ = {
			isa = PBXFrameworksBuildPhase;
			buildActionMask = 2147483647;
			files = (
			);
			runOnlyForDeploymentPostprocessing = 0;
		};
/* End PBXFrameworksBuildPhase section */

/* Begin PBXGroup section */
		DA3EF61323F0AEF30094CFD5 /* Screens */ = {
			isa = PBXGroup;
			children = (
				DADCAF3C23E612E7002F7EC7 /* SearchVC.swift */,
				DADCAF3E23E61332002F7EC7 /* FavoritesListVC.swift */,
				DACE204723EA5CFE0010A618 /* FollowerListVC.swift */,
			);
			path = Screens;
			sourceTree = "<group>";
		};
		DA3EF61423F0AF1F0094CFD5 /* Custom Views */ = {
			isa = PBXGroup;
			children = (
				DA3EF60F23EFB1EC0094CFD5 /* GHContainerView.swift */,
				DA3EF60B23EFABA60094CFD5 /* GHBodyLabel.swift */,
				DA3EF60923EF8D9A0094CFD5 /* GHTitleLabel.swift */,
				DA62DF0123E741B8003280B3 /* GHTextField.swift */,
				DADCAF4223E653DF002F7EC7 /* GHButton.swift */,
				DA3EF60D23EFADC80094CFD5 /* GHAlertVC.swift */,
			);
			path = "Custom Views";
			sourceTree = "<group>";
		};
		DA3EF61523F0AF930094CFD5 /* Extensions */ = {
			isa = PBXGroup;
			children = (
				DA3EF61123F053AC0094CFD5 /* UIViewController+Ext.swift */,
			);
			path = Extensions;
			sourceTree = "<group>";
		};
		DA3EF61623F0B0080094CFD5 /* Support */ = {
			isa = PBXGroup;
			children = (
				DADCAF2823E6045E002F7EC7 /* AppDelegate.swift */,
				DADCAF2A23E6045E002F7EC7 /* SceneDelegate.swift */,
				DADCAF3123E60466002F7EC7 /* Assets.xcassets */,
				DADCAF3323E60466002F7EC7 /* LaunchScreen.storyboard */,
			);
			path = Support;
			sourceTree = "<group>";
		};
		DA3EF61923F0C0CC0094CFD5 /* Model */ = {
			isa = PBXGroup;
			children = (
				DA3EF61A23F0C0E60094CFD5 /* Follower.swift */,
				DA3EF61C23F0C2240094CFD5 /* User.swift */,
			);
			path = Model;
			sourceTree = "<group>";
		};
		DADCAF1C23E6045E002F7EC7 = {
			isa = PBXGroup;
			children = (
				DA3EF61723F0B4B20094CFD5 /* Default-568h@2x.png */,
				DADCAF2723E6045E002F7EC7 /* GitHub */,
				DADCAF2623E6045E002F7EC7 /* Products */,
			);
			sourceTree = "<group>";
		};
		DADCAF2623E6045E002F7EC7 /* Products */ = {
			isa = PBXGroup;
			children = (
				DADCAF2523E6045E002F7EC7 /* GitHub.app */,
			);
			name = Products;
			sourceTree = "<group>";
		};
		DADCAF2723E6045E002F7EC7 /* GitHub */ = {
			isa = PBXGroup;
			children = (
				DA3EF61923F0C0CC0094CFD5 /* Model */,
				DA3EF61623F0B0080094CFD5 /* Support */,
				DADCAF3623E60466002F7EC7 /* Info.plist */,
				DA3EF61523F0AF930094CFD5 /* Extensions */,
				DA3EF61423F0AF1F0094CFD5 /* Custom Views */,
				DA3EF61323F0AEF30094CFD5 /* Screens */,
			);
			path = GitHub;
			sourceTree = "<group>";
		};
/* End PBXGroup section */

/* Begin PBXNativeTarget section */
		DADCAF2423E6045E002F7EC7 /* GitHub */ = {
			isa = PBXNativeTarget;
			buildConfigurationList = DADCAF3923E60466002F7EC7 /* Build configuration list for PBXNativeTarget "GitHub" */;
			buildPhases = (
				DADCAF2123E6045E002F7EC7 /* Sources */,
				DADCAF2223E6045E002F7EC7 /* Frameworks */,
				DADCAF2323E6045E002F7EC7 /* Resources */,
			);
			buildRules = (
			);
			dependencies = (
			);
			name = GitHub;
			productName = GitHub;
			productReference = DADCAF2523E6045E002F7EC7 /* GitHub.app */;
			productType = "com.apple.product-type.application";
		};
/* End PBXNativeTarget section */

/* Begin PBXProject section */
		DADCAF1D23E6045E002F7EC7 /* Project object */ = {
			isa = PBXProject;
			attributes = {
				LastSwiftUpdateCheck = 1130;
				LastUpgradeCheck = 1130;
				ORGANIZATIONNAME = "Kinney Kare";
				TargetAttributes = {
					DADCAF2423E6045E002F7EC7 = {
						CreatedOnToolsVersion = 11.3.1;
					};
				};
			};
			buildConfigurationList = DADCAF2023E6045E002F7EC7 /* Build configuration list for PBXProject "GitHub" */;
			compatibilityVersion = "Xcode 9.3";
			developmentRegion = en;
			hasScannedForEncodings = 0;
			knownRegions = (
				en,
				Base,
			);
			mainGroup = DADCAF1C23E6045E002F7EC7;
			productRefGroup = DADCAF2623E6045E002F7EC7 /* Products */;
			projectDirPath = "";
			projectRoot = "";
			targets = (
				DADCAF2423E6045E002F7EC7 /* GitHub */,
			);
		};
/* End PBXProject section */

/* Begin PBXResourcesBuildPhase section */
		DADCAF2323E6045E002F7EC7 /* Resources */ = {
			isa = PBXResourcesBuildPhase;
			buildActionMask = 2147483647;
			files = (
				DADCAF3523E60466002F7EC7 /* LaunchScreen.storyboard in Resources */,
				DADCAF3223E60466002F7EC7 /* Assets.xcassets in Resources */,
				DA3EF61823F0B4B20094CFD5 /* Default-568h@2x.png in Resources */,
			);
			runOnlyForDeploymentPostprocessing = 0;
		};
/* End PBXResourcesBuildPhase section */

/* Begin PBXSourcesBuildPhase section */
		DADCAF2123E6045E002F7EC7 /* Sources */ = {
			isa = PBXSourcesBuildPhase;
			buildActionMask = 2147483647;
			files = (
				DA3EF60A23EF8D9A0094CFD5 /* GHTitleLabel.swift in Sources */,
				DA3EF61223F053AC0094CFD5 /* UIViewController+Ext.swift in Sources */,
				DA3EF61023EFB1EC0094CFD5 /* GHContainerView.swift in Sources */,
				DADCAF4323E653DF002F7EC7 /* GHButton.swift in Sources */,
				DADCAF3D23E612E7002F7EC7 /* SearchVC.swift in Sources */,
				DA62DF0223E741B8003280B3 /* GHTextField.swift in Sources */,
				DA3EF61D23F0C2240094CFD5 /* User.swift in Sources */,
				DADCAF3F23E61332002F7EC7 /* FavoritesListVC.swift in Sources */,
				DA3EF61B23F0C0E60094CFD5 /* Follower.swift in Sources */,
				DA3EF60E23EFADC80094CFD5 /* GHAlertVC.swift in Sources */,
				DADCAF2923E6045E002F7EC7 /* AppDelegate.swift in Sources */,
				DACE204823EA5CFE0010A618 /* FollowerListVC.swift in Sources */,
				DADCAF2B23E6045E002F7EC7 /* SceneDelegate.swift in Sources */,
				DA3EF60C23EFABA60094CFD5 /* GHBodyLabel.swift in Sources */,
			);
			runOnlyForDeploymentPostprocessing = 0;
		};
/* End PBXSourcesBuildPhase section */

/* Begin PBXVariantGroup section */
		DADCAF3323E60466002F7EC7 /* LaunchScreen.storyboard */ = {
			isa = PBXVariantGroup;
			children = (
				DADCAF3423E60466002F7EC7 /* Base */,
			);
			name = LaunchScreen.storyboard;
			sourceTree = "<group>";
		};
/* End PBXVariantGroup section */

/* Begin XCBuildConfiguration section */
		DADCAF3723E60466002F7EC7 /* Debug */ = {
			isa = XCBuildConfiguration;
			buildSettings = {
				ALWAYS_SEARCH_USER_PATHS = NO;
				CLANG_ANALYZER_NONNULL = YES;
				CLANG_ANALYZER_NUMBER_OBJECT_CONVERSION = YES_AGGRESSIVE;
				CLANG_CXX_LANGUAGE_STANDARD = "gnu++14";
				CLANG_CXX_LIBRARY = "libc++";
				CLANG_ENABLE_MODULES = YES;
				CLANG_ENABLE_OBJC_ARC = YES;
				CLANG_ENABLE_OBJC_WEAK = YES;
				CLANG_WARN_BLOCK_CAPTURE_AUTORELEASING = YES;
				CLANG_WARN_BOOL_CONVERSION = YES;
				CLANG_WARN_COMMA = YES;
				CLANG_WARN_CONSTANT_CONVERSION = YES;
				CLANG_WARN_DEPRECATED_OBJC_IMPLEMENTATIONS = YES;
				CLANG_WARN_DIRECT_OBJC_ISA_USAGE = YES_ERROR;
				CLANG_WARN_DOCUMENTATION_COMMENTS = YES;
				CLANG_WARN_EMPTY_BODY = YES;
				CLANG_WARN_ENUM_CONVERSION = YES;
				CLANG_WARN_INFINITE_RECURSION = YES;
				CLANG_WARN_INT_CONVERSION = YES;
				CLANG_WARN_NON_LITERAL_NULL_CONVERSION = YES;
				CLANG_WARN_OBJC_IMPLICIT_RETAIN_SELF = YES;
				CLANG_WARN_OBJC_LITERAL_CONVERSION = YES;
				CLANG_WARN_OBJC_ROOT_CLASS = YES_ERROR;
				CLANG_WARN_RANGE_LOOP_ANALYSIS = YES;
				CLANG_WARN_STRICT_PROTOTYPES = YES;
				CLANG_WARN_SUSPICIOUS_MOVE = YES;
				CLANG_WARN_UNGUARDED_AVAILABILITY = YES_AGGRESSIVE;
				CLANG_WARN_UNREACHABLE_CODE = YES;
				CLANG_WARN__DUPLICATE_METHOD_MATCH = YES;
				COPY_PHASE_STRIP = NO;
				DEBUG_INFORMATION_FORMAT = dwarf;
				ENABLE_STRICT_OBJC_MSGSEND = YES;
				ENABLE_TESTABILITY = YES;
				GCC_C_LANGUAGE_STANDARD = gnu11;
				GCC_DYNAMIC_NO_PIC = NO;
				GCC_NO_COMMON_BLOCKS = YES;
				GCC_OPTIMIZATION_LEVEL = 0;
				GCC_PREPROCESSOR_DEFINITIONS = (
					"DEBUG=1",
					"$(inherited)",
				);
				GCC_WARN_64_TO_32_BIT_CONVERSION = YES;
				GCC_WARN_ABOUT_RETURN_TYPE = YES_ERROR;
				GCC_WARN_UNDECLARED_SELECTOR = YES;
				GCC_WARN_UNINITIALIZED_AUTOS = YES_AGGRESSIVE;
				GCC_WARN_UNUSED_FUNCTION = YES;
				GCC_WARN_UNUSED_VARIABLE = YES;
				IPHONEOS_DEPLOYMENT_TARGET = 13.2;
				MTL_ENABLE_DEBUG_INFO = INCLUDE_SOURCE;
				MTL_FAST_MATH = YES;
				ONLY_ACTIVE_ARCH = YES;
				SDKROOT = iphoneos;
				SWIFT_ACTIVE_COMPILATION_CONDITIONS = DEBUG;
				SWIFT_OPTIMIZATION_LEVEL = "-Onone";
			};
			name = Debug;
		};
		DADCAF3823E60466002F7EC7 /* Release */ = {
			isa = XCBuildConfiguration;
			buildSettings = {
				ALWAYS_SEARCH_USER_PATHS = NO;
				CLANG_ANALYZER_NONNULL = YES;
				CLANG_ANALYZER_NUMBER_OBJECT_CONVERSION = YES_AGGRESSIVE;
				CLANG_CXX_LANGUAGE_STANDARD = "gnu++14";
				CLANG_CXX_LIBRARY = "libc++";
				CLANG_ENABLE_MODULES = YES;
				CLANG_ENABLE_OBJC_ARC = YES;
				CLANG_ENABLE_OBJC_WEAK = YES;
				CLANG_WARN_BLOCK_CAPTURE_AUTORELEASING = YES;
				CLANG_WARN_BOOL_CONVERSION = YES;
				CLANG_WARN_COMMA = YES;
				CLANG_WARN_CONSTANT_CONVERSION = YES;
				CLANG_WARN_DEPRECATED_OBJC_IMPLEMENTATIONS = YES;
				CLANG_WARN_DIRECT_OBJC_ISA_USAGE = YES_ERROR;
				CLANG_WARN_DOCUMENTATION_COMMENTS = YES;
				CLANG_WARN_EMPTY_BODY = YES;
				CLANG_WARN_ENUM_CONVERSION = YES;
				CLANG_WARN_INFINITE_RECURSION = YES;
				CLANG_WARN_INT_CONVERSION = YES;
				CLANG_WARN_NON_LITERAL_NULL_CONVERSION = YES;
				CLANG_WARN_OBJC_IMPLICIT_RETAIN_SELF = YES;
				CLANG_WARN_OBJC_LITERAL_CONVERSION = YES;
				CLANG_WARN_OBJC_ROOT_CLASS = YES_ERROR;
				CLANG_WARN_RANGE_LOOP_ANALYSIS = YES;
				CLANG_WARN_STRICT_PROTOTYPES = YES;
				CLANG_WARN_SUSPICIOUS_MOVE = YES;
				CLANG_WARN_UNGUARDED_AVAILABILITY = YES_AGGRESSIVE;
				CLANG_WARN_UNREACHABLE_CODE = YES;
				CLANG_WARN__DUPLICATE_METHOD_MATCH = YES;
				COPY_PHASE_STRIP = NO;
				DEBUG_INFORMATION_FORMAT = "dwarf-with-dsym";
				ENABLE_NS_ASSERTIONS = NO;
				ENABLE_STRICT_OBJC_MSGSEND = YES;
				GCC_C_LANGUAGE_STANDARD = gnu11;
				GCC_NO_COMMON_BLOCKS = YES;
				GCC_WARN_64_TO_32_BIT_CONVERSION = YES;
				GCC_WARN_ABOUT_RETURN_TYPE = YES_ERROR;
				GCC_WARN_UNDECLARED_SELECTOR = YES;
				GCC_WARN_UNINITIALIZED_AUTOS = YES_AGGRESSIVE;
				GCC_WARN_UNUSED_FUNCTION = YES;
				GCC_WARN_UNUSED_VARIABLE = YES;
				IPHONEOS_DEPLOYMENT_TARGET = 13.2;
				MTL_ENABLE_DEBUG_INFO = NO;
				MTL_FAST_MATH = YES;
				SDKROOT = iphoneos;
				SWIFT_COMPILATION_MODE = wholemodule;
				SWIFT_OPTIMIZATION_LEVEL = "-O";
				VALIDATE_PRODUCT = YES;
			};
			name = Release;
		};
		DADCAF3A23E60466002F7EC7 /* Debug */ = {
			isa = XCBuildConfiguration;
			buildSettings = {
				ASSETCATALOG_COMPILER_APPICON_NAME = AppIcon;
				CODE_SIGN_STYLE = Automatic;
				DEVELOPMENT_TEAM = R7SHSK6MNC;
				INFOPLIST_FILE = GitHub/Info.plist;
				LD_RUNPATH_SEARCH_PATHS = (
					"$(inherited)",
					"@executable_path/Frameworks",
				);
				PRODUCT_BUNDLE_IDENTIFIER = com.kinneykare.GitHub;
				PRODUCT_NAME = "$(TARGET_NAME)";
				SWIFT_VERSION = 5.0;
				TARGETED_DEVICE_FAMILY = 1;
			};
			name = Debug;
		};
		DADCAF3B23E60466002F7EC7 /* Release */ = {
			isa = XCBuildConfiguration;
			buildSettings = {
				ASSETCATALOG_COMPILER_APPICON_NAME = AppIcon;
				CODE_SIGN_STYLE = Automatic;
				DEVELOPMENT_TEAM = R7SHSK6MNC;
				INFOPLIST_FILE = GitHub/Info.plist;
				LD_RUNPATH_SEARCH_PATHS = (
					"$(inherited)",
					"@executable_path/Frameworks",
				);
				PRODUCT_BUNDLE_IDENTIFIER = com.kinneykare.GitHub;
				PRODUCT_NAME = "$(TARGET_NAME)";
				SWIFT_VERSION = 5.0;
				TARGETED_DEVICE_FAMILY = 1;
			};
			name = Release;
		};
/* End XCBuildConfiguration section */

/* Begin XCConfigurationList section */
		DADCAF2023E6045E002F7EC7 /* Build configuration list for PBXProject "GitHub" */ = {
			isa = XCConfigurationList;
			buildConfigurations = (
				DADCAF3723E60466002F7EC7 /* Debug */,
				DADCAF3823E60466002F7EC7 /* Release */,
			);
			defaultConfigurationIsVisible = 0;
			defaultConfigurationName = Release;
		};
		DADCAF3923E60466002F7EC7 /* Build configuration list for PBXNativeTarget "GitHub" */ = {
			isa = XCConfigurationList;
			buildConfigurations = (
				DADCAF3A23E60466002F7EC7 /* Debug */,
				DADCAF3B23E60466002F7EC7 /* Release */,
			);
			defaultConfigurationIsVisible = 0;
			defaultConfigurationName = Release;
		};
/* End XCConfigurationList section */
	};
	rootObject = DADCAF1D23E6045E002F7EC7 /* Project object */;
}
